// !$*UTF8*$!
{
	archiveVersion = 1;
	classes = {
	};
	objectVersion = 51;
	objects = {

/* Begin PBXBuildFile section */
		19ED92819B03118C22FD25DD /* Pods_Practica6Tests.framework in Frameworks */ = {isa = PBXBuildFile; fileRef = 08C3F37081575FB0E2EB1CC6 /* Pods_Practica6Tests.framework */; };
		3F417906324CF71AE32104B3 /* Pods_Practica6UITests.framework in Frameworks */ = {isa = PBXBuildFile; fileRef = 12337451E62614EE8034AD79 /* Pods_Practica6UITests.framework */; };
		6FE6CE4F12361B16BD5B96D6 /* Pods_Practica6.framework in Frameworks */ = {isa = PBXBuildFile; fileRef = D0B7E2F0D33E89C5D84FC5E2 /* Pods_Practica6.framework */; };
		980C14C322B8699100F695CA /* UserTableViewCell.swift in Sources */ = {isa = PBXBuildFile; fileRef = 980C14C222B8699100F695CA /* UserTableViewCell.swift */; };
		980C14C522B86F6F00F695CA /* MapKit.framework in Frameworks */ = {isa = PBXBuildFile; fileRef = 980C14C422B86F6E00F695CA /* MapKit.framework */; };
		980C14C722B871DC00F695CA /* MapaViewController.swift in Sources */ = {isa = PBXBuildFile; fileRef = 980C14C622B871DC00F695CA /* MapaViewController.swift */; };
		98153DC822D06E760080D978 /* LogingViewController.swift in Sources */ = {isa = PBXBuildFile; fileRef = 98153DC722D06E760080D978 /* LogingViewController.swift */; };
		98153DCC22D083EB0080D978 /* MoreViewController.swift in Sources */ = {isa = PBXBuildFile; fileRef = 98153DCB22D083EB0080D978 /* MoreViewController.swift */; };
		98153DD022D2F08B0080D978 /* VistaViewController.swift in Sources */ = {isa = PBXBuildFile; fileRef = 98153DCF22D2F08B0080D978 /* VistaViewController.swift */; };
		98153DD222D2F1340080D978 /* File.swift in Sources */ = {isa = PBXBuildFile; fileRef = 98153DD122D2F1340080D978 /* File.swift */; };
		9824026022B47C4D00C6774C /* AppDelegate.swift in Sources */ = {isa = PBXBuildFile; fileRef = 9824025F22B47C4D00C6774C /* AppDelegate.swift */; };
		9824026222B47C4D00C6774C /* ViewController.swift in Sources */ = {isa = PBXBuildFile; fileRef = 9824026122B47C4D00C6774C /* ViewController.swift */; };
		9824026522B47C4D00C6774C /* Main.storyboard in Resources */ = {isa = PBXBuildFile; fileRef = 9824026322B47C4D00C6774C /* Main.storyboard */; };
		9824026822B47C4D00C6774C /* Practica6.xcdatamodeld in Sources */ = {isa = PBXBuildFile; fileRef = 9824026622B47C4D00C6774C /* Practica6.xcdatamodeld */; };
		9824026A22B47C4F00C6774C /* Assets.xcassets in Resources */ = {isa = PBXBuildFile; fileRef = 9824026922B47C4F00C6774C /* Assets.xcassets */; };
		9824026D22B47C4F00C6774C /* LaunchScreen.storyboard in Resources */ = {isa = PBXBuildFile; fileRef = 9824026B22B47C4F00C6774C /* LaunchScreen.storyboard */; };
		9824027822B47C4F00C6774C /* Practica6Tests.swift in Sources */ = {isa = PBXBuildFile; fileRef = 9824027722B47C4F00C6774C /* Practica6Tests.swift */; };
		9824028322B47C4F00C6774C /* Practica6UITests.swift in Sources */ = {isa = PBXBuildFile; fileRef = 9824028222B47C4F00C6774C /* Practica6UITests.swift */; };
		985C52B122B48A9A00E9F164 /* UserModel.swift in Sources */ = {isa = PBXBuildFile; fileRef = 985C52B022B48A9A00E9F164 /* UserModel.swift */; };
/* End PBXBuildFile section */

/* Begin PBXContainerItemProxy section */
		9824027422B47C4F00C6774C /* PBXContainerItemProxy */ = {
			isa = PBXContainerItemProxy;
			containerPortal = 9824025422B47C4D00C6774C /* Project object */;
			proxyType = 1;
			remoteGlobalIDString = 9824025B22B47C4D00C6774C;
			remoteInfo = Practica6;
		};
		9824027F22B47C4F00C6774C /* PBXContainerItemProxy */ = {
			isa = PBXContainerItemProxy;
			containerPortal = 9824025422B47C4D00C6774C /* Project object */;
			proxyType = 1;
			remoteGlobalIDString = 9824025B22B47C4D00C6774C;
			remoteInfo = Practica6;
		};
/* End PBXContainerItemProxy section */

/* Begin PBXFileReference section */
		08730C6DEC8D11D1225ECE91 /* Pods-Practica6UITests.debug.xcconfig */ = {isa = PBXFileReference; includeInIndex = 1; lastKnownFileType = text.xcconfig; name = "Pods-Practica6UITests.debug.xcconfig"; path = "Target Support Files/Pods-Practica6UITests/Pods-Practica6UITests.debug.xcconfig"; sourceTree = "<group>"; };
		08C3F37081575FB0E2EB1CC6 /* Pods_Practica6Tests.framework */ = {isa = PBXFileReference; explicitFileType = wrapper.framework; includeInIndex = 0; path = Pods_Practica6Tests.framework; sourceTree = BUILT_PRODUCTS_DIR; };
		12337451E62614EE8034AD79 /* Pods_Practica6UITests.framework */ = {isa = PBXFileReference; explicitFileType = wrapper.framework; includeInIndex = 0; path = Pods_Practica6UITests.framework; sourceTree = BUILT_PRODUCTS_DIR; };
		1D318799E9BD5B483973C5EC /* Pods-Practica6.release.xcconfig */ = {isa = PBXFileReference; includeInIndex = 1; lastKnownFileType = text.xcconfig; name = "Pods-Practica6.release.xcconfig"; path = "Target Support Files/Pods-Practica6/Pods-Practica6.release.xcconfig"; sourceTree = "<group>"; };
		980C14C222B8699100F695CA /* UserTableViewCell.swift */ = {isa = PBXFileReference; lastKnownFileType = sourcecode.swift; path = UserTableViewCell.swift; sourceTree = "<group>"; };
		980C14C422B86F6E00F695CA /* MapKit.framework */ = {isa = PBXFileReference; lastKnownFileType = wrapper.framework; name = MapKit.framework; path = System/Library/Frameworks/MapKit.framework; sourceTree = SDKROOT; };
		980C14C622B871DC00F695CA /* MapaViewController.swift */ = {isa = PBXFileReference; lastKnownFileType = sourcecode.swift; path = MapaViewController.swift; sourceTree = "<group>"; };
		98153DC722D06E760080D978 /* LogingViewController.swift */ = {isa = PBXFileReference; lastKnownFileType = sourcecode.swift; path = LogingViewController.swift; sourceTree = "<group>"; };
		98153DCB22D083EB0080D978 /* MoreViewController.swift */ = {isa = PBXFileReference; lastKnownFileType = sourcecode.swift; path = MoreViewController.swift; sourceTree = "<group>"; };
		98153DCF22D2F08B0080D978 /* VistaViewController.swift */ = {isa = PBXFileReference; lastKnownFileType = sourcecode.swift; path = VistaViewController.swift; sourceTree = "<group>"; };
		98153DD122D2F1340080D978 /* File.swift */ = {isa = PBXFileReference; lastKnownFileType = sourcecode.swift; path = File.swift; sourceTree = "<group>"; };
		9824025C22B47C4D00C6774C /* Practica6.app */ = {isa = PBXFileReference; explicitFileType = wrapper.application; includeInIndex = 0; path = Practica6.app; sourceTree = BUILT_PRODUCTS_DIR; };
		9824025F22B47C4D00C6774C /* AppDelegate.swift */ = {isa = PBXFileReference; lastKnownFileType = sourcecode.swift; path = AppDelegate.swift; sourceTree = "<group>"; };
		9824026122B47C4D00C6774C /* ViewController.swift */ = {isa = PBXFileReference; lastKnownFileType = sourcecode.swift; path = ViewController.swift; sourceTree = "<group>"; };
		9824026422B47C4D00C6774C /* Base */ = {isa = PBXFileReference; lastKnownFileType = file.storyboard; name = Base; path = Base.lproj/Main.storyboard; sourceTree = "<group>"; };
		9824026722B47C4D00C6774C /* Practica6.xcdatamodel */ = {isa = PBXFileReference; lastKnownFileType = wrapper.xcdatamodel; path = Practica6.xcdatamodel; sourceTree = "<group>"; };
		9824026922B47C4F00C6774C /* Assets.xcassets */ = {isa = PBXFileReference; lastKnownFileType = folder.assetcatalog; path = Assets.xcassets; sourceTree = "<group>"; };
		9824026C22B47C4F00C6774C /* Base */ = {isa = PBXFileReference; lastKnownFileType = file.storyboard; name = Base; path = Base.lproj/LaunchScreen.storyboard; sourceTree = "<group>"; };
		9824026E22B47C4F00C6774C /* Info.plist */ = {isa = PBXFileReference; lastKnownFileType = text.plist.xml; path = Info.plist; sourceTree = "<group>"; };
		9824027322B47C4F00C6774C /* Practica6Tests.xctest */ = {isa = PBXFileReference; explicitFileType = wrapper.cfbundle; includeInIndex = 0; path = Practica6Tests.xctest; sourceTree = BUILT_PRODUCTS_DIR; };
		9824027722B47C4F00C6774C /* Practica6Tests.swift */ = {isa = PBXFileReference; lastKnownFileType = sourcecode.swift; path = Practica6Tests.swift; sourceTree = "<group>"; };
		9824027922B47C4F00C6774C /* Info.plist */ = {isa = PBXFileReference; lastKnownFileType = text.plist.xml; path = Info.plist; sourceTree = "<group>"; };
		9824027E22B47C4F00C6774C /* Practica6UITests.xctest */ = {isa = PBXFileReference; explicitFileType = wrapper.cfbundle; includeInIndex = 0; path = Practica6UITests.xctest; sourceTree = BUILT_PRODUCTS_DIR; };
		9824028222B47C4F00C6774C /* Practica6UITests.swift */ = {isa = PBXFileReference; lastKnownFileType = sourcecode.swift; path = Practica6UITests.swift; sourceTree = "<group>"; };
		9824028422B47C4F00C6774C /* Info.plist */ = {isa = PBXFileReference; lastKnownFileType = text.plist.xml; path = Info.plist; sourceTree = "<group>"; };
		985C52B022B48A9A00E9F164 /* UserModel.swift */ = {isa = PBXFileReference; lastKnownFileType = sourcecode.swift; path = UserModel.swift; sourceTree = "<group>"; };
		C502780C424DF71A8A26C937 /* Pods-Practica6Tests.debug.xcconfig */ = {isa = PBXFileReference; includeInIndex = 1; lastKnownFileType = text.xcconfig; name = "Pods-Practica6Tests.debug.xcconfig"; path = "Target Support Files/Pods-Practica6Tests/Pods-Practica6Tests.debug.xcconfig"; sourceTree = "<group>"; };
		CEB9746AC6F67933EB9074B4 /* Pods-Practica6UITests.release.xcconfig */ = {isa = PBXFileReference; includeInIndex = 1; lastKnownFileType = text.xcconfig; name = "Pods-Practica6UITests.release.xcconfig"; path = "Target Support Files/Pods-Practica6UITests/Pods-Practica6UITests.release.xcconfig"; sourceTree = "<group>"; };
		D0B7E2F0D33E89C5D84FC5E2 /* Pods_Practica6.framework */ = {isa = PBXFileReference; explicitFileType = wrapper.framework; includeInIndex = 0; path = Pods_Practica6.framework; sourceTree = BUILT_PRODUCTS_DIR; };
		D8057CD2218D4FF437FC8B02 /* Pods-Practica6Tests.release.xcconfig */ = {isa = PBXFileReference; includeInIndex = 1; lastKnownFileType = text.xcconfig; name = "Pods-Practica6Tests.release.xcconfig"; path = "Target Support Files/Pods-Practica6Tests/Pods-Practica6Tests.release.xcconfig"; sourceTree = "<group>"; };
		EC0BAD8CE2CB0248AD76C232 /* Pods-Practica6.debug.xcconfig */ = {isa = PBXFileReference; includeInIndex = 1; lastKnownFileType = text.xcconfig; name = "Pods-Practica6.debug.xcconfig"; path = "Target Support Files/Pods-Practica6/Pods-Practica6.debug.xcconfig"; sourceTree = "<group>"; };
/* End PBXFileReference section */

/* Begin PBXFrameworksBuildPhase section */
		9824025922B47C4D00C6774C /* Frameworks */ = {
			isa = PBXFrameworksBuildPhase;
			buildActionMask = 2147483647;
			files = (
				980C14C522B86F6F00F695CA /* MapKit.framework in Frameworks */,
				6FE6CE4F12361B16BD5B96D6 /* Pods_Practica6.framework in Frameworks */,
			);
			runOnlyForDeploymentPostprocessing = 0;
		};
		9824027022B47C4F00C6774C /* Frameworks */ = {
			isa = PBXFrameworksBuildPhase;
			buildActionMask = 2147483647;
			files = (
				19ED92819B03118C22FD25DD /* Pods_Practica6Tests.framework in Frameworks */,
			);
			runOnlyForDeploymentPostprocessing = 0;
		};
		9824027B22B47C4F00C6774C /* Frameworks */ = {
			isa = PBXFrameworksBuildPhase;
			buildActionMask = 2147483647;
			files = (
				3F417906324CF71AE32104B3 /* Pods_Practica6UITests.framework in Frameworks */,
			);
			runOnlyForDeploymentPostprocessing = 0;
		};
/* End PBXFrameworksBuildPhase section */

/* Begin PBXGroup section */
		6CDFB433B4889262B836FAD1 /* Pods */ = {
			isa = PBXGroup;
			children = (
				EC0BAD8CE2CB0248AD76C232 /* Pods-Practica6.debug.xcconfig */,
				1D318799E9BD5B483973C5EC /* Pods-Practica6.release.xcconfig */,
				C502780C424DF71A8A26C937 /* Pods-Practica6Tests.debug.xcconfig */,
				D8057CD2218D4FF437FC8B02 /* Pods-Practica6Tests.release.xcconfig */,
				08730C6DEC8D11D1225ECE91 /* Pods-Practica6UITests.debug.xcconfig */,
				CEB9746AC6F67933EB9074B4 /* Pods-Practica6UITests.release.xcconfig */,
			);
			path = Pods;
			sourceTree = "<group>";
		};
		980C14C122B8695B00F695CA /* UIModels */ = {
			isa = PBXGroup;
			children = (
				980C14C222B8699100F695CA /* UserTableViewCell.swift */,
			);
			path = UIModels;
			sourceTree = "<group>";
		};
		9824025322B47C4D00C6774C = {
			isa = PBXGroup;
			children = (
				9824025E22B47C4D00C6774C /* Practica6 */,
				9824027622B47C4F00C6774C /* Practica6Tests */,
				9824028122B47C4F00C6774C /* Practica6UITests */,
				9824025D22B47C4D00C6774C /* Products */,
				6CDFB433B4889262B836FAD1 /* Pods */,
				D5ACF63371DC5E7E2232BE22 /* Frameworks */,
			);
			sourceTree = "<group>";
		};
		9824025D22B47C4D00C6774C /* Products */ = {
			isa = PBXGroup;
			children = (
				9824025C22B47C4D00C6774C /* Practica6.app */,
				9824027322B47C4F00C6774C /* Practica6Tests.xctest */,
				9824027E22B47C4F00C6774C /* Practica6UITests.xctest */,
			);
			name = Products;
			sourceTree = "<group>";
		};
		9824025E22B47C4D00C6774C /* Practica6 */ = {
			isa = PBXGroup;
			children = (
				980C14C122B8695B00F695CA /* UIModels */,
				985C52AF22B48A7F00E9F164 /* Models */,
				9824025F22B47C4D00C6774C /* AppDelegate.swift */,
				9824026122B47C4D00C6774C /* ViewController.swift */,
				98153DCB22D083EB0080D978 /* MoreViewController.swift */,
				9824026322B47C4D00C6774C /* Main.storyboard */,
				9824026922B47C4F00C6774C /* Assets.xcassets */,
				9824026B22B47C4F00C6774C /* LaunchScreen.storyboard */,
				9824026E22B47C4F00C6774C /* Info.plist */,
				9824026622B47C4D00C6774C /* Practica6.xcdatamodeld */,
				980C14C622B871DC00F695CA /* MapaViewController.swift */,
				98153DCF22D2F08B0080D978 /* VistaViewController.swift */,
			);
			path = Practica6;
			sourceTree = "<group>";
		};
		9824027622B47C4F00C6774C /* Practica6Tests */ = {
			isa = PBXGroup;
			children = (
				9824027722B47C4F00C6774C /* Practica6Tests.swift */,
				9824027922B47C4F00C6774C /* Info.plist */,
			);
			path = Practica6Tests;
			sourceTree = "<group>";
		};
		9824028122B47C4F00C6774C /* Practica6UITests */ = {
			isa = PBXGroup;
			children = (
				9824028222B47C4F00C6774C /* Practica6UITests.swift */,
				9824028422B47C4F00C6774C /* Info.plist */,
			);
			path = Practica6UITests;
			sourceTree = "<group>";
		};
		985C52AF22B48A7F00E9F164 /* Models */ = {
			isa = PBXGroup;
			children = (
				985C52B022B48A9A00E9F164 /* UserModel.swift */,
				98153DC722D06E760080D978 /* LogingViewController.swift */,
				98153DD122D2F1340080D978 /* File.swift */,
			);
			path = Models;
			sourceTree = "<group>";
		};
		D5ACF63371DC5E7E2232BE22 /* Frameworks */ = {
			isa = PBXGroup;
			children = (
				980C14C422B86F6E00F695CA /* MapKit.framework */,
				D0B7E2F0D33E89C5D84FC5E2 /* Pods_Practica6.framework */,
				08C3F37081575FB0E2EB1CC6 /* Pods_Practica6Tests.framework */,
				12337451E62614EE8034AD79 /* Pods_Practica6UITests.framework */,
			);
			name = Frameworks;
			sourceTree = "<group>";
		};
/* End PBXGroup section */

/* Begin PBXNativeTarget section */
		9824025B22B47C4D00C6774C /* Practica6 */ = {
			isa = PBXNativeTarget;
			buildConfigurationList = 9824028722B47C4F00C6774C /* Build configuration list for PBXNativeTarget "Practica6" */;
			buildPhases = (
				C3241C8058E9E742245A7F9D /* [CP] Check Pods Manifest.lock */,
				9824025822B47C4D00C6774C /* Sources */,
				9824025922B47C4D00C6774C /* Frameworks */,
				9824025A22B47C4D00C6774C /* Resources */,
				57BD1D281E6041B70910B724 /* [CP] Embed Pods Frameworks */,
			);
			buildRules = (
			);
			dependencies = (
			);
			name = Practica6;
			productName = Practica6;
			productReference = 9824025C22B47C4D00C6774C /* Practica6.app */;
			productType = "com.apple.product-type.application";
		};
		9824027222B47C4F00C6774C /* Practica6Tests */ = {
			isa = PBXNativeTarget;
			buildConfigurationList = 9824028A22B47C4F00C6774C /* Build configuration list for PBXNativeTarget "Practica6Tests" */;
			buildPhases = (
				48C81DC690EFC729EFE35BED /* [CP] Check Pods Manifest.lock */,
				9824026F22B47C4F00C6774C /* Sources */,
				9824027022B47C4F00C6774C /* Frameworks */,
				9824027122B47C4F00C6774C /* Resources */,
			);
			buildRules = (
			);
			dependencies = (
				9824027522B47C4F00C6774C /* PBXTargetDependency */,
			);
			name = Practica6Tests;
			productName = Practica6Tests;
			productReference = 9824027322B47C4F00C6774C /* Practica6Tests.xctest */;
			productType = "com.apple.product-type.bundle.unit-test";
		};
		9824027D22B47C4F00C6774C /* Practica6UITests */ = {
			isa = PBXNativeTarget;
			buildConfigurationList = 9824028D22B47C4F00C6774C /* Build configuration list for PBXNativeTarget "Practica6UITests" */;
			buildPhases = (
				768BE89B78B2AAB5C180D2E3 /* [CP] Check Pods Manifest.lock */,
				9824027A22B47C4F00C6774C /* Sources */,
				9824027B22B47C4F00C6774C /* Frameworks */,
				9824027C22B47C4F00C6774C /* Resources */,
			);
			buildRules = (
			);
			dependencies = (
				9824028022B47C4F00C6774C /* PBXTargetDependency */,
			);
			name = Practica6UITests;
			productName = Practica6UITests;
			productReference = 9824027E22B47C4F00C6774C /* Practica6UITests.xctest */;
			productType = "com.apple.product-type.bundle.ui-testing";
		};
/* End PBXNativeTarget section */

/* Begin PBXProject section */
		9824025422B47C4D00C6774C /* Project object */ = {
			isa = PBXProject;
			attributes = {
				LastSwiftUpdateCheck = 1020;
				LastUpgradeCheck = 1020;
				ORGANIZATIONNAME = "MTI Cucea";
				TargetAttributes = {
					9824025B22B47C4D00C6774C = {
						CreatedOnToolsVersion = 10.2.1;
						SystemCapabilities = {
							com.apple.Maps.iOS = {
								enabled = 1;
							};
						};
					};
					9824027222B47C4F00C6774C = {
						CreatedOnToolsVersion = 10.2.1;
						TestTargetID = 9824025B22B47C4D00C6774C;
					};
					9824027D22B47C4F00C6774C = {
						CreatedOnToolsVersion = 10.2.1;
						TestTargetID = 9824025B22B47C4D00C6774C;
					};
				};
			};
			buildConfigurationList = 9824025722B47C4D00C6774C /* Build configuration list for PBXProject "Practica6" */;
			compatibilityVersion = "Xcode 9.3";
			developmentRegion = en;
			hasScannedForEncodings = 0;
			knownRegions = (
				en,
				Base,
			);
			mainGroup = 9824025322B47C4D00C6774C;
			productRefGroup = 9824025D22B47C4D00C6774C /* Products */;
			projectDirPath = "";
			projectRoot = "";
			targets = (
				9824025B22B47C4D00C6774C /* Practica6 */,
				9824027222B47C4F00C6774C /* Practica6Tests */,
				9824027D22B47C4F00C6774C /* Practica6UITests */,
			);
		};
/* End PBXProject section */

/* Begin PBXResourcesBuildPhase section */
		9824025A22B47C4D00C6774C /* Resources */ = {
			isa = PBXResourcesBuildPhase;
			buildActionMask = 2147483647;
			files = (
				9824026D22B47C4F00C6774C /* LaunchScreen.storyboard in Resources */,
				9824026A22B47C4F00C6774C /* Assets.xcassets in Resources */,
				9824026522B47C4D00C6774C /* Main.storyboard in Resources */,
			);
			runOnlyForDeploymentPostprocessing = 0;
		};
		9824027122B47C4F00C6774C /* Resources */ = {
			isa = PBXResourcesBuildPhase;
			buildActionMask = 2147483647;
			files = (
			);
			runOnlyForDeploymentPostprocessing = 0;
		};
		9824027C22B47C4F00C6774C /* Resources */ = {
			isa = PBXResourcesBuildPhase;
			buildActionMask = 2147483647;
			files = (
			);
			runOnlyForDeploymentPostprocessing = 0;
		};
/* End PBXResourcesBuildPhase section */

/* Begin PBXShellScriptBuildPhase section */
		48C81DC690EFC729EFE35BED /* [CP] Check Pods Manifest.lock */ = {
			isa = PBXShellScriptBuildPhase;
			buildActionMask = 2147483647;
			files = (
			);
			inputFileListPaths = (
			);
			inputPaths = (
				"${PODS_PODFILE_DIR_PATH}/Podfile.lock",
				"${PODS_ROOT}/Manifest.lock",
			);
			name = "[CP] Check Pods Manifest.lock";
			outputFileListPaths = (
			);
			outputPaths = (
				"$(DERIVED_FILE_DIR)/Pods-Practica6Tests-checkManifestLockResult.txt",
			);
			runOnlyForDeploymentPostprocessing = 0;
			shellPath = /bin/sh;
			shellScript = "diff \"${PODS_PODFILE_DIR_PATH}/Podfile.lock\" \"${PODS_ROOT}/Manifest.lock\" > /dev/null\nif [ $? != 0 ] ; then\n    # print error to STDERR\n    echo \"error: The sandbox is not in sync with the Podfile.lock. Run 'pod install' or update your CocoaPods installation.\" >&2\n    exit 1\nfi\n# This output is used by Xcode 'outputs' to avoid re-running this script phase.\necho \"SUCCESS\" > \"${SCRIPT_OUTPUT_FILE_0}\"\n";
			showEnvVarsInLog = 0;
		};
		57BD1D281E6041B70910B724 /* [CP] Embed Pods Frameworks */ = {
			isa = PBXShellScriptBuildPhase;
			buildActionMask = 2147483647;
			files = (
			);
			inputFileListPaths = (
				"${PODS_ROOT}/Target Support Files/Pods-Practica6/Pods-Practica6-frameworks-${CONFIGURATION}-input-files.xcfilelist",
			);
			name = "[CP] Embed Pods Frameworks";
			outputFileListPaths = (
				"${PODS_ROOT}/Target Support Files/Pods-Practica6/Pods-Practica6-frameworks-${CONFIGURATION}-output-files.xcfilelist",
			);
			runOnlyForDeploymentPostprocessing = 0;
			shellPath = /bin/sh;
			shellScript = "\"${PODS_ROOT}/Target Support Files/Pods-Practica6/Pods-Practica6-frameworks.sh\"\n";
			showEnvVarsInLog = 0;
		};
		768BE89B78B2AAB5C180D2E3 /* [CP] Check Pods Manifest.lock */ = {
			isa = PBXShellScriptBuildPhase;
			buildActionMask = 2147483647;
			files = (
			);
			inputFileListPaths = (
			);
			inputPaths = (
				"${PODS_PODFILE_DIR_PATH}/Podfile.lock",
				"${PODS_ROOT}/Manifest.lock",
			);
			name = "[CP] Check Pods Manifest.lock";
			outputFileListPaths = (
			);
			outputPaths = (
				"$(DERIVED_FILE_DIR)/Pods-Practica6UITests-checkManifestLockResult.txt",
			);
			runOnlyForDeploymentPostprocessing = 0;
			shellPath = /bin/sh;
			shellScript = "diff \"${PODS_PODFILE_DIR_PATH}/Podfile.lock\" \"${PODS_ROOT}/Manifest.lock\" > /dev/null\nif [ $? != 0 ] ; then\n    # print error to STDERR\n    echo \"error: The sandbox is not in sync with the Podfile.lock. Run 'pod install' or update your CocoaPods installation.\" >&2\n    exit 1\nfi\n# This output is used by Xcode 'outputs' to avoid re-running this script phase.\necho \"SUCCESS\" > \"${SCRIPT_OUTPUT_FILE_0}\"\n";
			showEnvVarsInLog = 0;
		};
		C3241C8058E9E742245A7F9D /* [CP] Check Pods Manifest.lock */ = {
			isa = PBXShellScriptBuildPhase;
			buildActionMask = 2147483647;
			files = (
			);
			inputFileListPaths = (
			);
			inputPaths = (
				"${PODS_PODFILE_DIR_PATH}/Podfile.lock",
				"${PODS_ROOT}/Manifest.lock",
			);
			name = "[CP] Check Pods Manifest.lock";
			outputFileListPaths = (
			);
			outputPaths = (
				"$(DERIVED_FILE_DIR)/Pods-Practica6-checkManifestLockResult.txt",
			);
			runOnlyForDeploymentPostprocessing = 0;
			shellPath = /bin/sh;
			shellScript = "diff \"${PODS_PODFILE_DIR_PATH}/Podfile.lock\" \"${PODS_ROOT}/Manifest.lock\" > /dev/null\nif [ $? != 0 ] ; then\n    # print error to STDERR\n    echo \"error: The sandbox is not in sync with the Podfile.lock. Run 'pod install' or update your CocoaPods installation.\" >&2\n    exit 1\nfi\n# This output is used by Xcode 'outputs' to avoid re-running this script phase.\necho \"SUCCESS\" > \"${SCRIPT_OUTPUT_FILE_0}\"\n";
			showEnvVarsInLog = 0;
		};
/* End PBXShellScriptBuildPhase section */

/* Begin PBXSourcesBuildPhase section */
		9824025822B47C4D00C6774C /* Sources */ = {
			isa = PBXSourcesBuildPhase;
			buildActionMask = 2147483647;
			files = (
				98153DCC22D083EB0080D978 /* MoreViewController.swift in Sources */,
				9824026822B47C4D00C6774C /* Practica6.xcdatamodeld in Sources */,
				980C14C722B871DC00F695CA /* MapaViewController.swift in Sources */,
				98153DD022D2F08B0080D978 /* VistaViewController.swift in Sources */,
				98153DC822D06E760080D978 /* LogingViewController.swift in Sources */,
				98153DD222D2F1340080D978 /* File.swift in Sources */,
				9824026222B47C4D00C6774C /* ViewController.swift in Sources */,
				985C52B122B48A9A00E9F164 /* UserModel.swift in Sources */,
				9824026022B47C4D00C6774C /* AppDelegate.swift in Sources */,
				980C14C322B8699100F695CA /* UserTableViewCell.swift in Sources */,
			);
			runOnlyForDeploymentPostprocessing = 0;
		};
		9824026F22B47C4F00C6774C /* Sources */ = {
			isa = PBXSourcesBuildPhase;
			buildActionMask = 2147483647;
			files = (
				9824027822B47C4F00C6774C /* Practica6Tests.swift in Sources */,
			);
			runOnlyForDeploymentPostprocessing = 0;
		};
		9824027A22B47C4F00C6774C /* Sources */ = {
			isa = PBXSourcesBuildPhase;
			buildActionMask = 2147483647;
			files = (
				9824028322B47C4F00C6774C /* Practica6UITests.swift in Sources */,
			);
			runOnlyForDeploymentPostprocessing = 0;
		};
/* End PBXSourcesBuildPhase section */

/* Begin PBXTargetDependency section */
		9824027522B47C4F00C6774C /* PBXTargetDependency */ = {
			isa = PBXTargetDependency;
			target = 9824025B22B47C4D00C6774C /* Practica6 */;
			targetProxy = 9824027422B47C4F00C6774C /* PBXContainerItemProxy */;
		};
		9824028022B47C4F00C6774C /* PBXTargetDependency */ = {
			isa = PBXTargetDependency;
			target = 9824025B22B47C4D00C6774C /* Practica6 */;
			targetProxy = 9824027F22B47C4F00C6774C /* PBXContainerItemProxy */;
		};
/* End PBXTargetDependency section */

/* Begin PBXVariantGroup section */
		9824026322B47C4D00C6774C /* Main.storyboard */ = {
			isa = PBXVariantGroup;
			children = (
				9824026422B47C4D00C6774C /* Base */,
			);
			name = Main.storyboard;
			sourceTree = "<group>";
		};
		9824026B22B47C4F00C6774C /* LaunchScreen.storyboard */ = {
			isa = PBXVariantGroup;
			children = (
				9824026C22B47C4F00C6774C /* Base */,
			);
			name = LaunchScreen.storyboard;
			sourceTree = "<group>";
		};
/* End PBXVariantGroup section */

/* Begin XCBuildConfiguration section */
		9824028522B47C4F00C6774C /* Debug */ = {
			isa = XCBuildConfiguration;
			buildSettings = {
				ALWAYS_SEARCH_USER_PATHS = NO;
				CLANG_ANALYZER_NONNULL = YES;
				CLANG_ANALYZER_NUMBER_OBJECT_CONVERSION = YES_AGGRESSIVE;
				CLANG_CXX_LANGUAGE_STANDARD = "gnu++14";
				CLANG_CXX_LIBRARY = "libc++";
				CLANG_ENABLE_MODULES = YES;
				CLANG_ENABLE_OBJC_ARC = YES;
				CLANG_ENABLE_OBJC_WEAK = YES;
				CLANG_WARN_BLOCK_CAPTURE_AUTORELEASING = YES;
				CLANG_WARN_BOOL_CONVERSION = YES;
				CLANG_WARN_COMMA = YES;
				CLANG_WARN_CONSTANT_CONVERSION = YES;
				CLANG_WARN_DEPRECATED_OBJC_IMPLEMENTATIONS = YES;
				CLANG_WARN_DIRECT_OBJC_ISA_USAGE = YES_ERROR;
				CLANG_WARN_DOCUMENTATION_COMMENTS = YES;
				CLANG_WARN_EMPTY_BODY = YES;
				CLANG_WARN_ENUM_CONVERSION = YES;
				CLANG_WARN_INFINITE_RECURSION = YES;
				CLANG_WARN_INT_CONVERSION = YES;
				CLANG_WARN_NON_LITERAL_NULL_CONVERSION = YES;
				CLANG_WARN_OBJC_IMPLICIT_RETAIN_SELF = YES;
				CLANG_WARN_OBJC_LITERAL_CONVERSION = YES;
				CLANG_WARN_OBJC_ROOT_CLASS = YES_ERROR;
				CLANG_WARN_RANGE_LOOP_ANALYSIS = YES;
				CLANG_WARN_STRICT_PROTOTYPES = YES;
				CLANG_WARN_SUSPICIOUS_MOVE = YES;
				CLANG_WARN_UNGUARDED_AVAILABILITY = YES_AGGRESSIVE;
				CLANG_WARN_UNREACHABLE_CODE = YES;
				CLANG_WARN__DUPLICATE_METHOD_MATCH = YES;
				CODE_SIGN_IDENTITY = "iPhone Developer";
				COPY_PHASE_STRIP = NO;
				DEBUG_INFORMATION_FORMAT = dwarf;
				ENABLE_STRICT_OBJC_MSGSEND = YES;
				ENABLE_TESTABILITY = YES;
				GCC_C_LANGUAGE_STANDARD = gnu11;
				GCC_DYNAMIC_NO_PIC = NO;
				GCC_NO_COMMON_BLOCKS = YES;
				GCC_OPTIMIZATION_LEVEL = 0;
				GCC_PREPROCESSOR_DEFINITIONS = (
					"DEBUG=1",
					"$(inherited)",
				);
				GCC_WARN_64_TO_32_BIT_CONVERSION = YES;
				GCC_WARN_ABOUT_RETURN_TYPE = YES_ERROR;
				GCC_WARN_UNDECLARED_SELECTOR = YES;
				GCC_WARN_UNINITIALIZED_AUTOS = YES_AGGRESSIVE;
				GCC_WARN_UNUSED_FUNCTION = YES;
				GCC_WARN_UNUSED_VARIABLE = YES;
				IPHONEOS_DEPLOYMENT_TARGET = 12.2;
				MTL_ENABLE_DEBUG_INFO = INCLUDE_SOURCE;
				MTL_FAST_MATH = YES;
				ONLY_ACTIVE_ARCH = YES;
				SDKROOT = iphoneos;
				SWIFT_ACTIVE_COMPILATION_CONDITIONS = DEBUG;
				SWIFT_OPTIMIZATION_LEVEL = "-Onone";
			};
			name = Debug;
		};
		9824028622B47C4F00C6774C /* Release */ = {
			isa = XCBuildConfiguration;
			buildSettings = {
				ALWAYS_SEARCH_USER_PATHS = NO;
				CLANG_ANALYZER_NONNULL = YES;
				CLANG_ANALYZER_NUMBER_OBJECT_CONVERSION = YES_AGGRESSIVE;
				CLANG_CXX_LANGUAGE_STANDARD = "gnu++14";
				CLANG_CXX_LIBRARY = "libc++";
				CLANG_ENABLE_MODULES = YES;
				CLANG_ENABLE_OBJC_ARC = YES;
				CLANG_ENABLE_OBJC_WEAK = YES;
				CLANG_WARN_BLOCK_CAPTURE_AUTORELEASING = YES;
				CLANG_WARN_BOOL_CONVERSION = YES;
				CLANG_WARN_COMMA = YES;
				CLANG_WARN_CONSTANT_CONVERSION = YES;
				CLANG_WARN_DEPRECATED_OBJC_IMPLEMENTATIONS = YES;
				CLANG_WARN_DIRECT_OBJC_ISA_USAGE = YES_ERROR;
				CLANG_WARN_DOCUMENTATION_COMMENTS = YES;
				CLANG_WARN_EMPTY_BODY = YES;
				CLANG_WARN_ENUM_CONVERSION = YES;
				CLANG_WARN_INFINITE_RECURSION = YES;
				CLANG_WARN_INT_CONVERSION = YES;
				CLANG_WARN_NON_LITERAL_NULL_CONVERSION = YES;
				CLANG_WARN_OBJC_IMPLICIT_RETAIN_SELF = YES;
				CLANG_WARN_OBJC_LITERAL_CONVERSION = YES;
				CLANG_WARN_OBJC_ROOT_CLASS = YES_ERROR;
				CLANG_WARN_RANGE_LOOP_ANALYSIS = YES;
				CLANG_WARN_STRICT_PROTOTYPES = YES;
				CLANG_WARN_SUSPICIOUS_MOVE = YES;
				CLANG_WARN_UNGUARDED_AVAILABILITY = YES_AGGRESSIVE;
				CLANG_WARN_UNREACHABLE_CODE = YES;
				CLANG_WARN__DUPLICATE_METHOD_MATCH = YES;
				CODE_SIGN_IDENTITY = "iPhone Developer";
				COPY_PHASE_STRIP = NO;
				DEBUG_INFORMATION_FORMAT = "dwarf-with-dsym";
				ENABLE_NS_ASSERTIONS = NO;
				ENABLE_STRICT_OBJC_MSGSEND = YES;
				GCC_C_LANGUAGE_STANDARD = gnu11;
				GCC_NO_COMMON_BLOCKS = YES;
				GCC_WARN_64_TO_32_BIT_CONVERSION = YES;
				GCC_WARN_ABOUT_RETURN_TYPE = YES_ERROR;
				GCC_WARN_UNDECLARED_SELECTOR = YES;
				GCC_WARN_UNINITIALIZED_AUTOS = YES_AGGRESSIVE;
				GCC_WARN_UNUSED_FUNCTION = YES;
				GCC_WARN_UNUSED_VARIABLE = YES;
				IPHONEOS_DEPLOYMENT_TARGET = 12.2;
				MTL_ENABLE_DEBUG_INFO = NO;
				MTL_FAST_MATH = YES;
				SDKROOT = iphoneos;
				SWIFT_COMPILATION_MODE = wholemodule;
				SWIFT_OPTIMIZATION_LEVEL = "-O";
				VALIDATE_PRODUCT = YES;
			};
			name = Release;
		};
		9824028822B47C4F00C6774C /* Debug */ = {
			isa = XCBuildConfiguration;
			baseConfigurationReference = EC0BAD8CE2CB0248AD76C232 /* Pods-Practica6.debug.xcconfig */;
			buildSettings = {
				ASSETCATALOG_COMPILER_APPICON_NAME = AppIcon;
				CODE_SIGN_STYLE = Automatic;
				INFOPLIST_FILE = Practica6/Info.plist;
				LD_RUNPATH_SEARCH_PATHS = (
					"$(inherited)",
					"@executable_path/Frameworks",
				);
				PRODUCT_BUNDLE_IDENTIFIER = com.miAplicacion.cucea.Practica6;
				PRODUCT_NAME = "$(TARGET_NAME)";
				SWIFT_VERSION = 5.0;
				TARGETED_DEVICE_FAMILY = "1,2";
			};
			name = Debug;
		};
		9824028922B47C4F00C6774C /* Release */ = {
			isa = XCBuildConfiguration;
			baseConfigurationReference = 1D318799E9BD5B483973C5EC /* Pods-Practica6.release.xcconfig */;
			buildSettings = {
				ASSETCATALOG_COMPILER_APPICON_NAME = AppIcon;
				CODE_SIGN_STYLE = Automatic;
				INFOPLIST_FILE = Practica6/Info.plist;
				LD_RUNPATH_SEARCH_PATHS = (
					"$(inherited)",
					"@executable_path/Frameworks",
				);
				PRODUCT_BUNDLE_IDENTIFIER = com.miAplicacion.cucea.Practica6;
				PRODUCT_NAME = "$(TARGET_NAME)";
				SWIFT_VERSION = 5.0;
				TARGETED_DEVICE_FAMILY = "1,2";
			};
			name = Release;
		};
		9824028B22B47C4F00C6774C /* Debug */ = {
			isa = XCBuildConfiguration;
			baseConfigurationReference = C502780C424DF71A8A26C937 /* Pods-Practica6Tests.debug.xcconfig */;
			buildSettings = {
				ALWAYS_EMBED_SWIFT_STANDARD_LIBRARIES = YES;
				BUNDLE_LOADER = "$(TEST_HOST)";
				CODE_SIGN_STYLE = Automatic;
				INFOPLIST_FILE = Practica6Tests/Info.plist;
				LD_RUNPATH_SEARCH_PATHS = (
					"$(inherited)",
					"@executable_path/Frameworks",
					"@loader_path/Frameworks",
				);
				PRODUCT_BUNDLE_IDENTIFIER = com.miAplicacion.cucea.Practica6Tests;
				PRODUCT_NAME = "$(TARGET_NAME)";
				SWIFT_VERSION = 5.0;
				TARGETED_DEVICE_FAMILY = "1,2";
				TEST_HOST = "$(BUILT_PRODUCTS_DIR)/Practica6.app/Practica6";
			};
			name = Debug;
		};
		9824028C22B47C4F00C6774C /* Release */ = {
			isa = XCBuildConfiguration;
			baseConfigurationReference = D8057CD2218D4FF437FC8B02 /* Pods-Practica6Tests.release.xcconfig */;
			buildSettings = {
				ALWAYS_EMBED_SWIFT_STANDARD_LIBRARIES = YES;
				BUNDLE_LOADER = "$(TEST_HOST)";
				CODE_SIGN_STYLE = Automatic;
				INFOPLIST_FILE = Practica6Tests/Info.plist;
				LD_RUNPATH_SEARCH_PATHS = (
					"$(inherited)",
					"@executable_path/Frameworks",
					"@loader_path/Frameworks",
				);
				PRODUCT_BUNDLE_IDENTIFIER = com.miAplicacion.cucea.Practica6Tests;
				PRODUCT_NAME = "$(TARGET_NAME)";
				SWIFT_VERSION = 5.0;
				TARGETED_DEVICE_FAMILY = "1,2";
				TEST_HOST = "$(BUILT_PRODUCTS_DIR)/Practica6.app/Practica6";
			};
			name = Release;
		};
		9824028E22B47C4F00C6774C /* Debug */ = {
			isa = XCBuildConfiguration;
			baseConfigurationReference = 08730C6DEC8D11D1225ECE91 /* Pods-Practica6UITests.debug.xcconfig */;
			buildSettings = {
				ALWAYS_EMBED_SWIFT_STANDARD_LIBRARIES = YES;
				CODE_SIGN_STYLE = Automatic;
				INFOPLIST_FILE = Practica6UITests/Info.plist;
				LD_RUNPATH_SEARCH_PATHS = (
					"$(inherited)",
					"@executable_path/Frameworks",
					"@loader_path/Frameworks",
				);
				PRODUCT_BUNDLE_IDENTIFIER = com.miAplicacion.cucea.Practica6UITests;
				PRODUCT_NAME = "$(TARGET_NAME)";
				SWIFT_VERSION = 5.0;
				TARGETED_DEVICE_FAMILY = "1,2";
				TEST_TARGET_NAME = Practica6;
			};
			name = Debug;
		};
		9824028F22B47C4F00C6774C /* Release */ = {
			isa = XCBuildConfiguration;
			baseConfigurationReference = CEB9746AC6F67933EB9074B4 /* Pods-Practica6UITests.release.xcconfig */;
			buildSettings = {
				ALWAYS_EMBED_SWIFT_STANDARD_LIBRARIES = YES;
				CODE_SIGN_STYLE = Automatic;
				INFOPLIST_FILE = Practica6UITests/Info.plist;
				LD_RUNPATH_SEARCH_PATHS = (
					"$(inherited)",
					"@executable_path/Frameworks",
					"@loader_path/Frameworks",
				);
				PRODUCT_BUNDLE_IDENTIFIER = com.miAplicacion.cucea.Practica6UITests;
				PRODUCT_NAME = "$(TARGET_NAME)";
				SWIFT_VERSION = 5.0;
				TARGETED_DEVICE_FAMILY = "1,2";
				TEST_TARGET_NAME = Practica6;
			};
			name = Release;
		};
/* End XCBuildConfiguration section */

/* Begin XCConfigurationList section */
		9824025722B47C4D00C6774C /* Build configuration list for PBXProject "Practica6" */ = {
			isa = XCConfigurationList;
			buildConfigurations = (
				9824028522B47C4F00C6774C /* Debug */,
				9824028622B47C4F00C6774C /* Release */,
			);
			defaultConfigurationIsVisible = 0;
			defaultConfigurationName = Release;
		};
		9824028722B47C4F00C6774C /* Build configuration list for PBXNativeTarget "Practica6" */ = {
			isa = XCConfigurationList;
			buildConfigurations = (
				9824028822B47C4F00C6774C /* Debug */,
				9824028922B47C4F00C6774C /* Release */,
			);
			defaultConfigurationIsVisible = 0;
			defaultConfigurationName = Release;
		};
		9824028A22B47C4F00C6774C /* Build configuration list for PBXNativeTarget "Practica6Tests" */ = {
			isa = XCConfigurationList;
			buildConfigurations = (
				9824028B22B47C4F00C6774C /* Debug */,
				9824028C22B47C4F00C6774C /* Release */,
			);
			defaultConfigurationIsVisible = 0;
			defaultConfigurationName = Release;
		};
		9824028D22B47C4F00C6774C /* Build configuration list for PBXNativeTarget "Practica6UITests" */ = {
			isa = XCConfigurationList;
			buildConfigurations = (
				9824028E22B47C4F00C6774C /* Debug */,
				9824028F22B47C4F00C6774C /* Release */,
			);
			defaultConfigurationIsVisible = 0;
			defaultConfigurationName = Release;
		};
/* End XCConfigurationList section */

/* Begin XCVersionGroup section */
		9824026622B47C4D00C6774C /* Practica6.xcdatamodeld */ = {
			isa = XCVersionGroup;
			children = (
				9824026722B47C4D00C6774C /* Practica6.xcdatamodel */,
			);
			currentVersion = 9824026722B47C4D00C6774C /* Practica6.xcdatamodel */;
			path = Practica6.xcdatamodeld;
			sourceTree = "<group>";
			versionGroupType = wrapper.xcdatamodel;
		};
/* End XCVersionGroup section */
	};
	rootObject = 9824025422B47C4D00C6774C /* Project object */;
}
